// !$*UTF8*$!
{
	archiveVersion = 1;
	classes = {
	};
	objectVersion = 50;
	objects = {

/* Begin PBXBuildFile section */
		7043071B215F4E9E009A44D2 /* TipThree.swift in Sources */ = {isa = PBXBuildFile; fileRef = 7043071A215F4E9E009A44D2 /* TipThree.swift */; };
		7043071D215F554C009A44D2 /* TipFour.swift in Sources */ = {isa = PBXBuildFile; fileRef = 7043071C215F554C009A44D2 /* TipFour.swift */; };
		708CE56A215CAC0500C825EE /* AppDelegate.swift in Sources */ = {isa = PBXBuildFile; fileRef = 708CE569215CAC0500C825EE /* AppDelegate.swift */; };
		708CE571215CAC0700C825EE /* Assets.xcassets in Resources */ = {isa = PBXBuildFile; fileRef = 708CE570215CAC0700C825EE /* Assets.xcassets */; };
		708CE57D215CAD0700C825EE /* LLViewController.swift in Sources */ = {isa = PBXBuildFile; fileRef = 708CE57C215CAD0700C825EE /* LLViewController.swift */; };
		708CE584215CD1B600C825EE /* TipOne.swift in Sources */ = {isa = PBXBuildFile; fileRef = 708CE583215CD1B600C825EE /* TipOne.swift */; };
		708CE587215CD23F00C825EE /* TipTwo.swift in Sources */ = {isa = PBXBuildFile; fileRef = 708CE586215CD23F00C825EE /* TipTwo.swift */; };
/* End PBXBuildFile section */

/* Begin PBXFileReference section */
		7043071A215F4E9E009A44D2 /* TipThree.swift */ = {isa = PBXFileReference; lastKnownFileType = sourcecode.swift; path = TipThree.swift; sourceTree = "<group>"; };
		7043071C215F554C009A44D2 /* TipFour.swift */ = {isa = PBXFileReference; lastKnownFileType = sourcecode.swift; path = TipFour.swift; sourceTree = "<group>"; };
		708CE566215CAC0500C825EE /* SwifterTips.app */ = {isa = PBXFileReference; explicitFileType = wrapper.application; includeInIndex = 0; path = SwifterTips.app; sourceTree = BUILT_PRODUCTS_DIR; };
		708CE569215CAC0500C825EE /* AppDelegate.swift */ = {isa = PBXFileReference; lastKnownFileType = sourcecode.swift; path = AppDelegate.swift; sourceTree = "<group>"; };
		708CE570215CAC0700C825EE /* Assets.xcassets */ = {isa = PBXFileReference; lastKnownFileType = folder.assetcatalog; path = Assets.xcassets; sourceTree = "<group>"; };
		708CE575215CAC0700C825EE /* Info.plist */ = {isa = PBXFileReference; lastKnownFileType = text.plist.xml; path = Info.plist; sourceTree = "<group>"; };
		708CE57C215CAD0700C825EE /* LLViewController.swift */ = {isa = PBXFileReference; lastKnownFileType = sourcecode.swift; path = LLViewController.swift; sourceTree = "<group>"; };
		708CE583215CD1B600C825EE /* TipOne.swift */ = {isa = PBXFileReference; lastKnownFileType = sourcecode.swift; path = TipOne.swift; sourceTree = "<group>"; };
		708CE586215CD23F00C825EE /* TipTwo.swift */ = {isa = PBXFileReference; lastKnownFileType = sourcecode.swift; path = TipTwo.swift; sourceTree = "<group>"; };
/* End PBXFileReference section */

/* Begin PBXFrameworksBuildPhase section */
		708CE563215CAC0500C825EE /* Frameworks */ = {
			isa = PBXFrameworksBuildPhase;
			buildActionMask = 2147483647;
			files = (
			);
			runOnlyForDeploymentPostprocessing = 0;
		};
/* End PBXFrameworksBuildPhase section */

/* Begin PBXGroup section */
		708CE55D215CAC0500C825EE = {
			isa = PBXGroup;
			children = (
				708CE568215CAC0500C825EE /* SwifterTips */,
				708CE567215CAC0500C825EE /* Products */,
			);
			sourceTree = "<group>";
		};
		708CE567215CAC0500C825EE /* Products */ = {
			isa = PBXGroup;
			children = (
				708CE566215CAC0500C825EE /* SwifterTips.app */,
			);
			name = Products;
			sourceTree = "<group>";
		};
		708CE568215CAC0500C825EE /* SwifterTips */ = {
			isa = PBXGroup;
			children = (
				708CE569215CAC0500C825EE /* AppDelegate.swift */,
				708CE57E215CAD2500C825EE /* Classes */,
				708CE580215CAD7000C825EE /* Other */,
			);
			path = SwifterTips;
			sourceTree = "<group>";
		};
		708CE57E215CAD2500C825EE /* Classes */ = {
			isa = PBXGroup;
			children = (
				708CE57F215CAD4000C825EE /* Main */,
			);
			path = Classes;
			sourceTree = "<group>";
		};
		708CE57F215CAD4000C825EE /* Main */ = {
			isa = PBXGroup;
			children = (
				708CE57C215CAD0700C825EE /* LLViewController.swift */,
				708CE585215CD1C500C825EE /* Tips */,
			);
			path = Main;
			sourceTree = "<group>";
		};
		708CE580215CAD7000C825EE /* Other */ = {
			isa = PBXGroup;
			children = (
				708CE570215CAC0700C825EE /* Assets.xcassets */,
				708CE575215CAC0700C825EE /* Info.plist */,
			);
			path = Other;
			sourceTree = "<group>";
		};
		708CE585215CD1C500C825EE /* Tips */ = {
			isa = PBXGroup;
			children = (
				708CE583215CD1B600C825EE /* TipOne.swift */,
				708CE586215CD23F00C825EE /* TipTwo.swift */,
				7043071A215F4E9E009A44D2 /* TipThree.swift */,
				7043071C215F554C009A44D2 /* TipFour.swift */,
			);
			path = Tips;
			sourceTree = "<group>";
		};
/* End PBXGroup section */

/* Begin PBXNativeTarget section */
		708CE565215CAC0500C825EE /* SwifterTips */ = {
			isa = PBXNativeTarget;
			buildConfigurationList = 708CE578215CAC0700C825EE /* Build configuration list for PBXNativeTarget "SwifterTips" */;
			buildPhases = (
				708CE562215CAC0500C825EE /* Sources */,
				708CE563215CAC0500C825EE /* Frameworks */,
				708CE564215CAC0500C825EE /* Resources */,
			);
			buildRules = (
			);
			dependencies = (
			);
			name = SwifterTips;
			productName = SwifterTips;
			productReference = 708CE566215CAC0500C825EE /* SwifterTips.app */;
			productType = "com.apple.product-type.application";
		};
/* End PBXNativeTarget section */

/* Begin PBXProject section */
		708CE55E215CAC0500C825EE /* Project object */ = {
			isa = PBXProject;
			attributes = {
				LastSwiftUpdateCheck = 0940;
				LastUpgradeCheck = 0940;
				ORGANIZATIONNAME = licheng;
				TargetAttributes = {
					708CE565215CAC0500C825EE = {
						CreatedOnToolsVersion = 9.4.1;
						LastSwiftMigration = 1000;
					};
				};
			};
			buildConfigurationList = 708CE561215CAC0500C825EE /* Build configuration list for PBXProject "SwifterTips" */;
			compatibilityVersion = "Xcode 9.3";
			developmentRegion = en;
			hasScannedForEncodings = 0;
			knownRegions = (
				en,
				Base,
			);
			mainGroup = 708CE55D215CAC0500C825EE;
			productRefGroup = 708CE567215CAC0500C825EE /* Products */;
			projectDirPath = "";
			projectRoot = "";
			targets = (
				708CE565215CAC0500C825EE /* SwifterTips */,
			);
		};
/* End PBXProject section */

/* Begin PBXResourcesBuildPhase section */
		708CE564215CAC0500C825EE /* Resources */ = {
			isa = PBXResourcesBuildPhase;
			buildActionMask = 2147483647;
			files = (
				708CE571215CAC0700C825EE /* Assets.xcassets in Resources */,
			);
			runOnlyForDeploymentPostprocessing = 0;
		};
/* End PBXResourcesBuildPhase section */

/* Begin PBXSourcesBuildPhase section */
		708CE562215CAC0500C825EE /* Sources */ = {
			isa = PBXSourcesBuildPhase;
			buildActionMask = 2147483647;
			files = (
				708CE584215CD1B600C825EE /* TipOne.swift in Sources */,
				7043071D215F554C009A44D2 /* TipFour.swift in Sources */,
				708CE57D215CAD0700C825EE /* LLViewController.swift in Sources */,
				708CE587215CD23F00C825EE /* TipTwo.swift in Sources */,
				708CE56A215CAC0500C825EE /* AppDelegate.swift in Sources */,
				7043071B215F4E9E009A44D2 /* TipThree.swift in Sources */,
			);
			runOnlyForDeploymentPostprocessing = 0;
		};
/* End PBXSourcesBuildPhase section */

/* Begin XCBuildConfiguration section */
		708CE576215CAC0700C825EE /* Debug */ = {
			isa = XCBuildConfiguration;
			buildSettings = {
				ALWAYS_SEARCH_USER_PATHS = NO;
				CLANG_ANALYZER_NONNULL = YES;
				CLANG_ANALYZER_NUMBER_OBJECT_CONVERSION = YES_AGGRESSIVE;
				CLANG_CXX_LANGUAGE_STANDARD = "gnu++14";
				CLANG_CXX_LIBRARY = "libc++";
				CLANG_ENABLE_MODULES = YES;
				CLANG_ENABLE_OBJC_ARC = YES;
				CLANG_ENABLE_OBJC_WEAK = YES;
				CLANG_WARN_BLOCK_CAPTURE_AUTORELEASING = YES;
				CLANG_WARN_BOOL_CONVERSION = YES;
				CLANG_WARN_COMMA = YES;
				CLANG_WARN_CONSTANT_CONVERSION = YES;
				CLANG_WARN_DEPRECATED_OBJC_IMPLEMENTATIONS = YES;
				CLANG_WARN_DIRECT_OBJC_ISA_USAGE = YES_ERROR;
				CLANG_WARN_DOCUMENTATION_COMMENTS = YES;
				CLANG_WARN_EMPTY_BODY = YES;
				CLANG_WARN_ENUM_CONVERSION = YES;
				CLANG_WARN_INFINITE_RECURSION = YES;
				CLANG_WARN_INT_CONVERSION = YES;
				CLANG_WARN_NON_LITERAL_NULL_CONVERSION = YES;
				CLANG_WARN_OBJC_IMPLICIT_RETAIN_SELF = YES;
				CLANG_WARN_OBJC_LITERAL_CONVERSION = YES;
				CLANG_WARN_OBJC_ROOT_CLASS = YES_ERROR;
				CLANG_WARN_RANGE_LOOP_ANALYSIS = YES;
				CLANG_WARN_STRICT_PROTOTYPES = YES;
				CLANG_WARN_SUSPICIOUS_MOVE = YES;
				CLANG_WARN_UNGUARDED_AVAILABILITY = YES_AGGRESSIVE;
				CLANG_WARN_UNREACHABLE_CODE = YES;
				CLANG_WARN__DUPLICATE_METHOD_MATCH = YES;
				CODE_SIGN_IDENTITY = "iPhone Developer";
				COPY_PHASE_STRIP = NO;
				DEBUG_INFORMATION_FORMAT = dwarf;
				ENABLE_STRICT_OBJC_MSGSEND = YES;
				ENABLE_TESTABILITY = YES;
				GCC_C_LANGUAGE_STANDARD = gnu11;
				GCC_DYNAMIC_NO_PIC = NO;
				GCC_NO_COMMON_BLOCKS = YES;
				GCC_OPTIMIZATION_LEVEL = 0;
				GCC_PREPROCESSOR_DEFINITIONS = (
					"DEBUG=1",
					"$(inherited)",
				);
				GCC_WARN_64_TO_32_BIT_CONVERSION = YES;
				GCC_WARN_ABOUT_RETURN_TYPE = YES_ERROR;
				GCC_WARN_UNDECLARED_SELECTOR = YES;
				GCC_WARN_UNINITIALIZED_AUTOS = YES_AGGRESSIVE;
				GCC_WARN_UNUSED_FUNCTION = YES;
				GCC_WARN_UNUSED_VARIABLE = YES;
				IPHONEOS_DEPLOYMENT_TARGET = 11.4;
				MTL_ENABLE_DEBUG_INFO = YES;
				ONLY_ACTIVE_ARCH = YES;
				SDKROOT = iphoneos;
				SWIFT_ACTIVE_COMPILATION_CONDITIONS = DEBUG;
				SWIFT_OPTIMIZATION_LEVEL = "-Onone";
			};
			name = Debug;
		};
		708CE577215CAC0700C825EE /* Release */ = {
			isa = XCBuildConfiguration;
			buildSettings = {
				ALWAYS_SEARCH_USER_PATHS = NO;
				CLANG_ANALYZER_NONNULL = YES;
				CLANG_ANALYZER_NUMBER_OBJECT_CONVERSION = YES_AGGRESSIVE;
				CLANG_CXX_LANGUAGE_STANDARD = "gnu++14";
				CLANG_CXX_LIBRARY = "libc++";
				CLANG_ENABLE_MODULES = YES;
				CLANG_ENABLE_OBJC_ARC = YES;
				CLANG_ENABLE_OBJC_WEAK = YES;
				CLANG_WARN_BLOCK_CAPTURE_AUTORELEASING = YES;
				CLANG_WARN_BOOL_CONVERSION = YES;
				CLANG_WARN_COMMA = YES;
				CLANG_WARN_CONSTANT_CONVERSION = YES;
				CLANG_WARN_DEPRECATED_OBJC_IMPLEMENTATIONS = YES;
				CLANG_WARN_DIRECT_OBJC_ISA_USAGE = YES_ERROR;
				CLANG_WARN_DOCUMENTATION_COMMENTS = YES;
				CLANG_WARN_EMPTY_BODY = YES;
				CLANG_WARN_ENUM_CONVERSION = YES;
				CLANG_WARN_INFINITE_RECURSION = YES;
				CLANG_WARN_INT_CONVERSION = YES;
				CLANG_WARN_NON_LITERAL_NULL_CONVERSION = YES;
				CLANG_WARN_OBJC_IMPLICIT_RETAIN_SELF = YES;
				CLANG_WARN_OBJC_LITERAL_CONVERSION = YES;
				CLANG_WARN_OBJC_ROOT_CLASS = YES_ERROR;
				CLANG_WARN_RANGE_LOOP_ANALYSIS = YES;
				CLANG_WARN_STRICT_PROTOTYPES = YES;
				CLANG_WARN_SUSPICIOUS_MOVE = YES;
				CLANG_WARN_UNGUARDED_AVAILABILITY = YES_AGGRESSIVE;
				CLANG_WARN_UNREACHABLE_CODE = YES;
				CLANG_WARN__DUPLICATE_METHOD_MATCH = YES;
				CODE_SIGN_IDENTITY = "iPhone Developer";
				COPY_PHASE_STRIP = NO;
				DEBUG_INFORMATION_FORMAT = "dwarf-with-dsym";
				ENABLE_NS_ASSERTIONS = NO;
				ENABLE_STRICT_OBJC_MSGSEND = YES;
				GCC_C_LANGUAGE_STANDARD = gnu11;
				GCC_NO_COMMON_BLOCKS = YES;
				GCC_WARN_64_TO_32_BIT_CONVERSION = YES;
				GCC_WARN_ABOUT_RETURN_TYPE = YES_ERROR;
				GCC_WARN_UNDECLARED_SELECTOR = YES;
				GCC_WARN_UNINITIALIZED_AUTOS = YES_AGGRESSIVE;
				GCC_WARN_UNUSED_FUNCTION = YES;
				GCC_WARN_UNUSED_VARIABLE = YES;
				IPHONEOS_DEPLOYMENT_TARGET = 11.4;
				MTL_ENABLE_DEBUG_INFO = NO;
				SDKROOT = iphoneos;
				SWIFT_COMPILATION_MODE = wholemodule;
				SWIFT_OPTIMIZATION_LEVEL = "-O";
				VALIDATE_PRODUCT = YES;
			};
			name = Release;
		};
		708CE579215CAC0700C825EE /* Debug */ = {
			isa = XCBuildConfiguration;
			buildSettings = {
				ASSETCATALOG_COMPILER_APPICON_NAME = AppIcon;
				CODE_SIGN_STYLE = Automatic;
				INFOPLIST_FILE = SwifterTips/Other/Info.plist;
				IPHONEOS_DEPLOYMENT_TARGET = 10.0;
				LD_RUNPATH_SEARCH_PATHS = (
					"$(inherited)",
					"@executable_path/Frameworks",
				);
				PRODUCT_BUNDLE_IDENTIFIER = LL.SwifterTips;
				PRODUCT_NAME = "$(TARGET_NAME)";
				SWIFT_VERSION = 4.2;
				TARGETED_DEVICE_FAMILY = 1;
			};
			name = Debug;
		};
		708CE57A215CAC0700C825EE /* Release */ = {
			isa = XCBuildConfiguration;
			buildSettings = {
				ASSETCATALOG_COMPILER_APPICON_NAME = AppIcon;
				CODE_SIGN_STYLE = Automatic;
				INFOPLIST_FILE = SwifterTips/Other/Info.plist;
				IPHONEOS_DEPLOYMENT_TARGET = 10.0;
				LD_RUNPATH_SEARCH_PATHS = (
					"$(inherited)",
					"@executable_path/Frameworks",
				);
				PRODUCT_BUNDLE_IDENTIFIER = LL.SwifterTips;
				PRODUCT_NAME = "$(TARGET_NAME)";
				SWIFT_VERSION = 4.2;
				TARGETED_DEVICE_FAMILY = 1;
			};
			name = Release;
		};
/* End XCBuildConfiguration section */

/* Begin XCConfigurationList section */
		708CE561215CAC0500C825EE /* Build configuration list for PBXProject "SwifterTips" */ = {
			isa = XCConfigurationList;
			buildConfigurations = (
				708CE576215CAC0700C825EE /* Debug */,
				708CE577215CAC0700C825EE /* Release */,
			);
			defaultConfigurationIsVisible = 0;
			defaultConfigurationName = Release;
		};
		708CE578215CAC0700C825EE /* Build configuration list for PBXNativeTarget "SwifterTips" */ = {
			isa = XCConfigurationList;
			buildConfigurations = (
				708CE579215CAC0700C825EE /* Debug */,
				708CE57A215CAC0700C825EE /* Release */,
			);
			defaultConfigurationIsVisible = 0;
			defaultConfigurationName = Release;
		};
/* End XCConfigurationList section */
	};
	rootObject = 708CE55E215CAC0500C825EE /* Project object */;
}
